
Microsoft Visual Studio Solution File, Format Version 12.00
# Visual Studio Version 17
VisualStudioVersion = 17.8.34511.84
MinimumVisualStudioVersion = 10.0.40219.1
Project("{9A19103F-16F7-4668-BE54-9A1E7A4F7556}") = "VideoGameLibrary", "VideoGameLibrary\VideoGameLibrary.csproj", "{B6974669-99C7-42C1-A7E4-8D9B9B81D9B3}"
EndProject
Global
	GlobalSection(SolutionConfigurationPlatforms) = preSolution
		Debug|Any CPU = Debug|Any CPU
		Release|Any CPU = Release|Any CPU
	EndGlobalSection
	GlobalSection(ProjectConfigurationPlatforms) = postSolution
		{B6974669-99C7-42C1-A7E4-8D9B9B81D9B3}.Debug|Any CPU.ActiveCfg = Debug|Any CPU
		{B6974669-99C7-42C1-A7E4-8D9B9B81D9B3}.Debug|Any CPU.Build.0 = Debug|Any CPU
		{B6974669-99C7-42C1-A7E4-8D9B9B81D9B3}.Release|Any CPU.ActiveCfg = Release|Any CPU
		{B6974669-99C7-42C1-A7E4-8D9B9B81D9B3}.Release|Any CPU.Build.0 = Release|Any CPU
	EndGlobalSection
	GlobalSection(SolutionProperties) = preSolution
		HideSolutionNode = FALSE
	EndGlobalSection
	GlobalSection(ExtensibilityGlobals) = postSolution
		SolutionGuid = {96C5A2C2-F8B4-439B-A964-211D0C28C5EA}
	EndGlobalSection
EndGlobal
